
Microsoft Visual Studio Solution File, Format Version 12.00
# Visual Studio Version 16
VisualStudioVersion = 16.0.32802.440
MinimumVisualStudioVersion = 10.0.40219.1
Project("{FAE04EC0-301F-11D3-BF4B-00C04F79EFBC}") = "LINQ", "LINQ\LINQ.csproj", "{0AC9C27B-9110-44F1-B588-404D66376692}"
EndProject
Project("{FAE04EC0-301F-11D3-BF4B-00C04F79EFBC}") = "TimeOut_Reset", "TimeOut_Reset\TimeOut_Reset.csproj", "{1FC11AC6-572E-4019-8295-1CD1EAC8127C}"
EndProject
Project("{FAE04EC0-301F-11D3-BF4B-00C04F79EFBC}") = "Bitmap_Zoom", "Bitmap_Zoom\Bitmap_Zoom.csproj", "{07DF7055-88C2-4E60-AAC2-140E88CCE850}"
EndProject
Project("{FAE04EC0-301F-11D3-BF4B-00C04F79EFBC}") = "ThreadPool_Study", "ThreadPool\ThreadPool_Study.csproj", "{18E6C559-2F75-4CF0-B4AD-D1A5F6D00067}"
EndProject
Project("{FAE04EC0-301F-11D3-BF4B-00C04F79EFBC}") = "Reflection_Study", "Reflection_Study\Reflection_Study.csproj", "{1E21B94B-8291-4EDB-86D3-6128F8222309}"
EndProject
Project("{FAE04EC0-301F-11D3-BF4B-00C04F79EFBC}") = "Reflection_PlugIn", "Reflection_PlugIn\Reflection_PlugIn.csproj", "{AC70767D-546B-4B07-AF6D-E598EDA0E64F}"
EndProject
Project("{9A19103F-16F7-4668-BE54-9A1E7A4F7556}") = "Reflection_PlugIn_Create", "Reflection_PlugIn_Create\Reflection_PlugIn_Create.csproj", "{03F6856C-5B43-4B61-83EE-06A5A9CD826E}"
EndProject
Project("{9A19103F-16F7-4668-BE54-9A1E7A4F7556}") = "Reflection_Plugin_Create2", "Reflection_Plugin_Create2\Reflection_Plugin_Create2.csproj", "{A2A24A48-277E-4FC1-8D49-61871EA83E55}"
EndProject
Project("{9A19103F-16F7-4668-BE54-9A1E7A4F7556}") = "ConsoleApp1", "ConsoleApp1\ConsoleApp1.csproj", "{E2536289-1526-42DE-A98A-6ACB9CCA8D61}"
EndProject
Project("{FAE04EC0-301F-11D3-BF4B-00C04F79EFBC}") = "ObservableCollection_Study", "ObservableCollection_Study\ObservableCollection_Study.csproj", "{33D73989-8825-488A-B119-FFD178972245}"
EndProject
Project("{FAE04EC0-301F-11D3-BF4B-00C04F79EFBC}") = "Json_Use", "Json_Use\Json_Use.csproj", "{CF11E45A-3925-4923-AD35-D92A5583E715}"
EndProject
Project("{FAE04EC0-301F-11D3-BF4B-00C04F79EFBC}") = "Serilog_Test", "Serliog_Test\Serilog_Test.csproj", "{EF1C39B4-D14B-4533-BB4B-96F630703C1E}"
EndProject
Project("{FAE04EC0-301F-11D3-BF4B-00C04F79EFBC}") = "Converter_Study", "Converter_Study\Converter_Study.csproj", "{38E1B573-6F2C-4F67-A038-C82E038C6991}"
EndProject
Project("{FAE04EC0-301F-11D3-BF4B-00C04F79EFBC}") = "Bitmap_Draw", "Bitmap_Draw\Bitmap_Draw.csproj", "{24B4EA11-5B23-467B-9D09-BC637C3ED375}"
EndProject
Project("{FAE04EC0-301F-11D3-BF4B-00C04F79EFBC}") = "Double_Round", "Double_Round\Double_Round.csproj", "{931B15DA-C957-45A4-BF00-9F175AC3FDB4}"
EndProject
Project("{FAE04EC0-301F-11D3-BF4B-00C04F79EFBC}") = "EnumDescription", "EnumDescription\EnumDescription.csproj", "{49D6CFA1-C237-4B14-9206-9CC35F71C08E}"
EndProject
Project("{FAE04EC0-301F-11D3-BF4B-00C04F79EFBC}") = "Sqlite3_Study", "Sqlite3_Study\Sqlite3_Study.csproj", "{002BB990-6B5F-4E65-A2F4-27516618CFB0}"
EndProject
Project("{2150E333-8FDC-42A3-9474-1A3956D46DE8}") = "Reflection", "Reflection", "{EFF0E741-7D9A-4039-B422-907561E0D927}"
EndProject
Project("{2150E333-8FDC-42A3-9474-1A3956D46DE8}") = "Bitmap", "Bitmap", "{37E6337A-554A-4486-8902-1C5AACBA09E4}"
EndProject
Project("{2150E333-8FDC-42A3-9474-1A3956D46DE8}") = "Lib", "Lib", "{C1C14D67-55E7-48DF-B0C6-515850A50AA6}"
EndProject
Project("{FAE04EC0-301F-11D3-BF4B-00C04F79EFBC}") = "String_Trim", "String_Trim\String_Trim.csproj", "{3915F126-866B-4BF4-812C-3CAC08A5A92E}"
EndProject
Project("{FAE04EC0-301F-11D3-BF4B-00C04F79EFBC}") = "ShallowCopy", "ShallowCopy\ShallowCopy.csproj", "{C25A4462-DAE0-4C54-B5B1-0A9F0162C915}"
EndProject
Project("{2150E333-8FDC-42A3-9474-1A3956D46DE8}") = "Asynchronous", "Asynchronous", "{F0D7F811-DC3B-4AC7-A15F-6740FBFAFAC6}"
EndProject
Project("{FAE04EC0-301F-11D3-BF4B-00C04F79EFBC}") = "TAP_Study", "TAP_Study\TAP_Study.csproj", "{3466717D-18D4-4A7D-B597-325A5822EF39}"
EndProject
Project("{FAE04EC0-301F-11D3-BF4B-00C04F79EFBC}") = "Task_Study", "Task_Study\Task_Study.csproj", "{FEDC764D-D2A9-4AC2-8826-D672A4120065}"
EndProject
Project("{FAE04EC0-301F-11D3-BF4B-00C04F79EFBC}") = "Task_NonBrocking", "Task_NonBrocking\Task_NonBrocking.csproj", "{DFBC0C64-0332-4079-B006-D042D13AB022}"
EndProject
Project("{FAE04EC0-301F-11D3-BF4B-00C04F79EFBC}") = "FinallyEterator", "FinallyEterator\FinallyEterator.csproj", "{330D5712-0A97-42E9-855A-B00082A9C559}"
EndProject
Project("{2150E333-8FDC-42A3-9474-1A3956D46DE8}") = "CS_inDepth", "CS_inDepth", "{B1CD2320-D898-455D-BF18-C854AA0F8BA4}"
EndProject
Project("{FAE04EC0-301F-11D3-BF4B-00C04F79EFBC}") = "VariableCapture", "VariableCapture\VariableCapture.csproj", "{BA6A8D83-B337-4FD8-828D-C64A6A093694}"
EndProject
Project("{FAE04EC0-301F-11D3-BF4B-00C04F79EFBC}") = "ExpressionTree", "ExpressionTree\ExpressionTree.csproj", "{8A377E35-8952-4168-800D-113850480C85}"
EndProject
Project("{2150E333-8FDC-42A3-9474-1A3956D46DE8}") = "디렉토리", "디렉토리", "{E8529CEC-4053-4DB2-8986-79DEBB032E04}"
EndProject
Project("{FAE04EC0-301F-11D3-BF4B-00C04F79EFBC}") = "DirectoryEnum_Study", "DirectoryEnum_Study\DirectoryEnum_Study.csproj", "{EBFDFBE2-21BC-4B38-905D-B416ABA5B3A9}"
EndProject
Project("{2150E333-8FDC-42A3-9474-1A3956D46DE8}") = "Serilog", "Serilog", "{87885072-4A4F-44ED-A772-064A84A0E907}"
EndProject
Project("{FAE04EC0-301F-11D3-BF4B-00C04F79EFBC}") = "MultiLog", "MultiLog\MultiLog.csproj", "{56CF3771-2AEE-4901-AFD5-389886ED9D33}"
EndProject
Global
	GlobalSection(SolutionConfigurationPlatforms) = preSolution
		Debug|Any CPU = Debug|Any CPU
		Debug|x64 = Debug|x64
		Release|Any CPU = Release|Any CPU
		Release|x64 = Release|x64
	EndGlobalSection
	GlobalSection(ProjectConfigurationPlatforms) = postSolution
		{0AC9C27B-9110-44F1-B588-404D66376692}.Debug|Any CPU.ActiveCfg = Debug|Any CPU
		{0AC9C27B-9110-44F1-B588-404D66376692}.Debug|Any CPU.Build.0 = Debug|Any CPU
		{0AC9C27B-9110-44F1-B588-404D66376692}.Debug|x64.ActiveCfg = Debug|Any CPU
		{0AC9C27B-9110-44F1-B588-404D66376692}.Debug|x64.Build.0 = Debug|Any CPU
		{0AC9C27B-9110-44F1-B588-404D66376692}.Release|Any CPU.ActiveCfg = Release|Any CPU
		{0AC9C27B-9110-44F1-B588-404D66376692}.Release|Any CPU.Build.0 = Release|Any CPU
		{0AC9C27B-9110-44F1-B588-404D66376692}.Release|x64.ActiveCfg = Release|Any CPU
		{0AC9C27B-9110-44F1-B588-404D66376692}.Release|x64.Build.0 = Release|Any CPU
		{1FC11AC6-572E-4019-8295-1CD1EAC8127C}.Debug|Any CPU.ActiveCfg = Debug|Any CPU
		{1FC11AC6-572E-4019-8295-1CD1EAC8127C}.Debug|Any CPU.Build.0 = Debug|Any CPU
		{1FC11AC6-572E-4019-8295-1CD1EAC8127C}.Debug|x64.ActiveCfg = Debug|Any CPU
		{1FC11AC6-572E-4019-8295-1CD1EAC8127C}.Debug|x64.Build.0 = Debug|Any CPU
		{1FC11AC6-572E-4019-8295-1CD1EAC8127C}.Release|Any CPU.ActiveCfg = Release|Any CPU
		{1FC11AC6-572E-4019-8295-1CD1EAC8127C}.Release|Any CPU.Build.0 = Release|Any CPU
		{1FC11AC6-572E-4019-8295-1CD1EAC8127C}.Release|x64.ActiveCfg = Release|Any CPU
		{1FC11AC6-572E-4019-8295-1CD1EAC8127C}.Release|x64.Build.0 = Release|Any CPU
		{07DF7055-88C2-4E60-AAC2-140E88CCE850}.Debug|Any CPU.ActiveCfg = Debug|Any CPU
		{07DF7055-88C2-4E60-AAC2-140E88CCE850}.Debug|Any CPU.Build.0 = Debug|Any CPU
		{07DF7055-88C2-4E60-AAC2-140E88CCE850}.Debug|x64.ActiveCfg = Debug|Any CPU
		{07DF7055-88C2-4E60-AAC2-140E88CCE850}.Debug|x64.Build.0 = Debug|Any CPU
		{07DF7055-88C2-4E60-AAC2-140E88CCE850}.Release|Any CPU.ActiveCfg = Release|Any CPU
		{07DF7055-88C2-4E60-AAC2-140E88CCE850}.Release|Any CPU.Build.0 = Release|Any CPU
		{07DF7055-88C2-4E60-AAC2-140E88CCE850}.Release|x64.ActiveCfg = Release|Any CPU
		{07DF7055-88C2-4E60-AAC2-140E88CCE850}.Release|x64.Build.0 = Release|Any CPU
		{18E6C559-2F75-4CF0-B4AD-D1A5F6D00067}.Debug|Any CPU.ActiveCfg = Debug|Any CPU
		{18E6C559-2F75-4CF0-B4AD-D1A5F6D00067}.Debug|Any CPU.Build.0 = Debug|Any CPU
		{18E6C559-2F75-4CF0-B4AD-D1A5F6D00067}.Debug|x64.ActiveCfg = Debug|Any CPU
		{18E6C559-2F75-4CF0-B4AD-D1A5F6D00067}.Debug|x64.Build.0 = Debug|Any CPU
		{18E6C559-2F75-4CF0-B4AD-D1A5F6D00067}.Release|Any CPU.ActiveCfg = Release|Any CPU
		{18E6C559-2F75-4CF0-B4AD-D1A5F6D00067}.Release|Any CPU.Build.0 = Release|Any CPU
		{18E6C559-2F75-4CF0-B4AD-D1A5F6D00067}.Release|x64.ActiveCfg = Release|Any CPU
		{18E6C559-2F75-4CF0-B4AD-D1A5F6D00067}.Release|x64.Build.0 = Release|Any CPU
		{1E21B94B-8291-4EDB-86D3-6128F8222309}.Debug|Any CPU.ActiveCfg = Debug|Any CPU
		{1E21B94B-8291-4EDB-86D3-6128F8222309}.Debug|Any CPU.Build.0 = Debug|Any CPU
		{1E21B94B-8291-4EDB-86D3-6128F8222309}.Debug|x64.ActiveCfg = Debug|Any CPU
		{1E21B94B-8291-4EDB-86D3-6128F8222309}.Debug|x64.Build.0 = Debug|Any CPU
		{1E21B94B-8291-4EDB-86D3-6128F8222309}.Release|Any CPU.ActiveCfg = Release|Any CPU
		{1E21B94B-8291-4EDB-86D3-6128F8222309}.Release|Any CPU.Build.0 = Release|Any CPU
		{1E21B94B-8291-4EDB-86D3-6128F8222309}.Release|x64.ActiveCfg = Release|Any CPU
		{1E21B94B-8291-4EDB-86D3-6128F8222309}.Release|x64.Build.0 = Release|Any CPU
		{AC70767D-546B-4B07-AF6D-E598EDA0E64F}.Debug|Any CPU.ActiveCfg = Debug|Any CPU
		{AC70767D-546B-4B07-AF6D-E598EDA0E64F}.Debug|Any CPU.Build.0 = Debug|Any CPU
		{AC70767D-546B-4B07-AF6D-E598EDA0E64F}.Debug|x64.ActiveCfg = Debug|x64
		{AC70767D-546B-4B07-AF6D-E598EDA0E64F}.Debug|x64.Build.0 = Debug|x64
		{AC70767D-546B-4B07-AF6D-E598EDA0E64F}.Release|Any CPU.ActiveCfg = Release|Any CPU
		{AC70767D-546B-4B07-AF6D-E598EDA0E64F}.Release|Any CPU.Build.0 = Release|Any CPU
		{AC70767D-546B-4B07-AF6D-E598EDA0E64F}.Release|x64.ActiveCfg = Release|x64
		{AC70767D-546B-4B07-AF6D-E598EDA0E64F}.Release|x64.Build.0 = Release|x64
		{03F6856C-5B43-4B61-83EE-06A5A9CD826E}.Debug|Any CPU.ActiveCfg = Debug|Any CPU
		{03F6856C-5B43-4B61-83EE-06A5A9CD826E}.Debug|Any CPU.Build.0 = Debug|Any CPU
		{03F6856C-5B43-4B61-83EE-06A5A9CD826E}.Debug|x64.ActiveCfg = Debug|Any CPU
		{03F6856C-5B43-4B61-83EE-06A5A9CD826E}.Debug|x64.Build.0 = Debug|Any CPU
		{03F6856C-5B43-4B61-83EE-06A5A9CD826E}.Release|Any CPU.ActiveCfg = Release|Any CPU
		{03F6856C-5B43-4B61-83EE-06A5A9CD826E}.Release|Any CPU.Build.0 = Release|Any CPU
		{03F6856C-5B43-4B61-83EE-06A5A9CD826E}.Release|x64.ActiveCfg = Release|Any CPU
		{03F6856C-5B43-4B61-83EE-06A5A9CD826E}.Release|x64.Build.0 = Release|Any CPU
		{A2A24A48-277E-4FC1-8D49-61871EA83E55}.Debug|Any CPU.ActiveCfg = Debug|Any CPU
		{A2A24A48-277E-4FC1-8D49-61871EA83E55}.Debug|Any CPU.Build.0 = Debug|Any CPU
		{A2A24A48-277E-4FC1-8D49-61871EA83E55}.Debug|x64.ActiveCfg = Debug|Any CPU
		{A2A24A48-277E-4FC1-8D49-61871EA83E55}.Debug|x64.Build.0 = Debug|Any CPU
		{A2A24A48-277E-4FC1-8D49-61871EA83E55}.Release|Any CPU.ActiveCfg = Release|Any CPU
		{A2A24A48-277E-4FC1-8D49-61871EA83E55}.Release|Any CPU.Build.0 = Release|Any CPU
		{A2A24A48-277E-4FC1-8D49-61871EA83E55}.Release|x64.ActiveCfg = Release|Any CPU
		{A2A24A48-277E-4FC1-8D49-61871EA83E55}.Release|x64.Build.0 = Release|Any CPU
		{E2536289-1526-42DE-A98A-6ACB9CCA8D61}.Debug|Any CPU.ActiveCfg = Debug|Any CPU
		{E2536289-1526-42DE-A98A-6ACB9CCA8D61}.Debug|Any CPU.Build.0 = Debug|Any CPU
		{E2536289-1526-42DE-A98A-6ACB9CCA8D61}.Debug|x64.ActiveCfg = Debug|Any CPU
		{E2536289-1526-42DE-A98A-6ACB9CCA8D61}.Debug|x64.Build.0 = Debug|Any CPU
		{E2536289-1526-42DE-A98A-6ACB9CCA8D61}.Release|Any CPU.ActiveCfg = Release|Any CPU
		{E2536289-1526-42DE-A98A-6ACB9CCA8D61}.Release|Any CPU.Build.0 = Release|Any CPU
		{E2536289-1526-42DE-A98A-6ACB9CCA8D61}.Release|x64.ActiveCfg = Release|Any CPU
		{E2536289-1526-42DE-A98A-6ACB9CCA8D61}.Release|x64.Build.0 = Release|Any CPU
		{33D73989-8825-488A-B119-FFD178972245}.Debug|Any CPU.ActiveCfg = Debug|Any CPU
		{33D73989-8825-488A-B119-FFD178972245}.Debug|Any CPU.Build.0 = Debug|Any CPU
		{33D73989-8825-488A-B119-FFD178972245}.Debug|x64.ActiveCfg = Debug|Any CPU
		{33D73989-8825-488A-B119-FFD178972245}.Debug|x64.Build.0 = Debug|Any CPU
		{33D73989-8825-488A-B119-FFD178972245}.Release|Any CPU.ActiveCfg = Release|Any CPU
		{33D73989-8825-488A-B119-FFD178972245}.Release|Any CPU.Build.0 = Release|Any CPU
		{33D73989-8825-488A-B119-FFD178972245}.Release|x64.ActiveCfg = Release|Any CPU
		{33D73989-8825-488A-B119-FFD178972245}.Release|x64.Build.0 = Release|Any CPU
		{CF11E45A-3925-4923-AD35-D92A5583E715}.Debug|Any CPU.ActiveCfg = Debug|Any CPU
		{CF11E45A-3925-4923-AD35-D92A5583E715}.Debug|Any CPU.Build.0 = Debug|Any CPU
		{CF11E45A-3925-4923-AD35-D92A5583E715}.Debug|x64.ActiveCfg = Debug|Any CPU
		{CF11E45A-3925-4923-AD35-D92A5583E715}.Debug|x64.Build.0 = Debug|Any CPU
		{CF11E45A-3925-4923-AD35-D92A5583E715}.Release|Any CPU.ActiveCfg = Release|Any CPU
		{CF11E45A-3925-4923-AD35-D92A5583E715}.Release|Any CPU.Build.0 = Release|Any CPU
		{CF11E45A-3925-4923-AD35-D92A5583E715}.Release|x64.ActiveCfg = Release|Any CPU
		{CF11E45A-3925-4923-AD35-D92A5583E715}.Release|x64.Build.0 = Release|Any CPU
		{EF1C39B4-D14B-4533-BB4B-96F630703C1E}.Debug|Any CPU.ActiveCfg = Debug|Any CPU
		{EF1C39B4-D14B-4533-BB4B-96F630703C1E}.Debug|Any CPU.Build.0 = Debug|Any CPU
		{EF1C39B4-D14B-4533-BB4B-96F630703C1E}.Debug|x64.ActiveCfg = Debug|Any CPU
		{EF1C39B4-D14B-4533-BB4B-96F630703C1E}.Debug|x64.Build.0 = Debug|Any CPU
		{EF1C39B4-D14B-4533-BB4B-96F630703C1E}.Release|Any CPU.ActiveCfg = Release|Any CPU
		{EF1C39B4-D14B-4533-BB4B-96F630703C1E}.Release|Any CPU.Build.0 = Release|Any CPU
		{EF1C39B4-D14B-4533-BB4B-96F630703C1E}.Release|x64.ActiveCfg = Release|Any CPU
		{EF1C39B4-D14B-4533-BB4B-96F630703C1E}.Release|x64.Build.0 = Release|Any CPU
		{38E1B573-6F2C-4F67-A038-C82E038C6991}.Debug|Any CPU.ActiveCfg = Debug|Any CPU
		{38E1B573-6F2C-4F67-A038-C82E038C6991}.Debug|Any CPU.Build.0 = Debug|Any CPU
		{38E1B573-6F2C-4F67-A038-C82E038C6991}.Debug|x64.ActiveCfg = Debug|Any CPU
		{38E1B573-6F2C-4F67-A038-C82E038C6991}.Debug|x64.Build.0 = Debug|Any CPU
		{38E1B573-6F2C-4F67-A038-C82E038C6991}.Release|Any CPU.ActiveCfg = Release|Any CPU
		{38E1B573-6F2C-4F67-A038-C82E038C6991}.Release|Any CPU.Build.0 = Release|Any CPU
		{38E1B573-6F2C-4F67-A038-C82E038C6991}.Release|x64.ActiveCfg = Release|Any CPU
		{38E1B573-6F2C-4F67-A038-C82E038C6991}.Release|x64.Build.0 = Release|Any CPU
		{24B4EA11-5B23-467B-9D09-BC637C3ED375}.Debug|Any CPU.ActiveCfg = Debug|Any CPU
		{24B4EA11-5B23-467B-9D09-BC637C3ED375}.Debug|Any CPU.Build.0 = Debug|Any CPU
		{24B4EA11-5B23-467B-9D09-BC637C3ED375}.Debug|x64.ActiveCfg = Debug|Any CPU
		{24B4EA11-5B23-467B-9D09-BC637C3ED375}.Debug|x64.Build.0 = Debug|Any CPU
		{24B4EA11-5B23-467B-9D09-BC637C3ED375}.Release|Any CPU.ActiveCfg = Release|Any CPU
		{24B4EA11-5B23-467B-9D09-BC637C3ED375}.Release|Any CPU.Build.0 = Release|Any CPU
		{24B4EA11-5B23-467B-9D09-BC637C3ED375}.Release|x64.ActiveCfg = Release|Any CPU
		{24B4EA11-5B23-467B-9D09-BC637C3ED375}.Release|x64.Build.0 = Release|Any CPU
		{931B15DA-C957-45A4-BF00-9F175AC3FDB4}.Debug|Any CPU.ActiveCfg = Debug|Any CPU
		{931B15DA-C957-45A4-BF00-9F175AC3FDB4}.Debug|Any CPU.Build.0 = Debug|Any CPU
		{931B15DA-C957-45A4-BF00-9F175AC3FDB4}.Debug|x64.ActiveCfg = Debug|Any CPU
		{931B15DA-C957-45A4-BF00-9F175AC3FDB4}.Debug|x64.Build.0 = Debug|Any CPU
		{931B15DA-C957-45A4-BF00-9F175AC3FDB4}.Release|Any CPU.ActiveCfg = Release|Any CPU
		{931B15DA-C957-45A4-BF00-9F175AC3FDB4}.Release|Any CPU.Build.0 = Release|Any CPU
		{931B15DA-C957-45A4-BF00-9F175AC3FDB4}.Release|x64.ActiveCfg = Release|Any CPU
		{931B15DA-C957-45A4-BF00-9F175AC3FDB4}.Release|x64.Build.0 = Release|Any CPU
		{49D6CFA1-C237-4B14-9206-9CC35F71C08E}.Debug|Any CPU.ActiveCfg = Debug|Any CPU
		{49D6CFA1-C237-4B14-9206-9CC35F71C08E}.Debug|Any CPU.Build.0 = Debug|Any CPU
		{49D6CFA1-C237-4B14-9206-9CC35F71C08E}.Debug|x64.ActiveCfg = Debug|Any CPU
		{49D6CFA1-C237-4B14-9206-9CC35F71C08E}.Debug|x64.Build.0 = Debug|Any CPU
		{49D6CFA1-C237-4B14-9206-9CC35F71C08E}.Release|Any CPU.ActiveCfg = Release|Any CPU
		{49D6CFA1-C237-4B14-9206-9CC35F71C08E}.Release|Any CPU.Build.0 = Release|Any CPU
		{49D6CFA1-C237-4B14-9206-9CC35F71C08E}.Release|x64.ActiveCfg = Release|Any CPU
		{49D6CFA1-C237-4B14-9206-9CC35F71C08E}.Release|x64.Build.0 = Release|Any CPU
		{002BB990-6B5F-4E65-A2F4-27516618CFB0}.Debug|Any CPU.ActiveCfg = Debug|Any CPU
		{002BB990-6B5F-4E65-A2F4-27516618CFB0}.Debug|Any CPU.Build.0 = Debug|Any CPU
		{002BB990-6B5F-4E65-A2F4-27516618CFB0}.Debug|x64.ActiveCfg = Debug|Any CPU
		{002BB990-6B5F-4E65-A2F4-27516618CFB0}.Debug|x64.Build.0 = Debug|Any CPU
		{002BB990-6B5F-4E65-A2F4-27516618CFB0}.Release|Any CPU.ActiveCfg = Release|Any CPU
		{002BB990-6B5F-4E65-A2F4-27516618CFB0}.Release|Any CPU.Build.0 = Release|Any CPU
		{002BB990-6B5F-4E65-A2F4-27516618CFB0}.Release|x64.ActiveCfg = Release|Any CPU
		{002BB990-6B5F-4E65-A2F4-27516618CFB0}.Release|x64.Build.0 = Release|Any CPU
		{3915F126-866B-4BF4-812C-3CAC08A5A92E}.Debug|Any CPU.ActiveCfg = Debug|Any CPU
		{3915F126-866B-4BF4-812C-3CAC08A5A92E}.Debug|Any CPU.Build.0 = Debug|Any CPU
		{3915F126-866B-4BF4-812C-3CAC08A5A92E}.Debug|x64.ActiveCfg = Debug|Any CPU
		{3915F126-866B-4BF4-812C-3CAC08A5A92E}.Debug|x64.Build.0 = Debug|Any CPU
		{3915F126-866B-4BF4-812C-3CAC08A5A92E}.Release|Any CPU.ActiveCfg = Release|Any CPU
		{3915F126-866B-4BF4-812C-3CAC08A5A92E}.Release|Any CPU.Build.0 = Release|Any CPU
		{3915F126-866B-4BF4-812C-3CAC08A5A92E}.Release|x64.ActiveCfg = Release|Any CPU
		{3915F126-866B-4BF4-812C-3CAC08A5A92E}.Release|x64.Build.0 = Release|Any CPU
		{C25A4462-DAE0-4C54-B5B1-0A9F0162C915}.Debug|Any CPU.ActiveCfg = Debug|Any CPU
		{C25A4462-DAE0-4C54-B5B1-0A9F0162C915}.Debug|Any CPU.Build.0 = Debug|Any CPU
		{C25A4462-DAE0-4C54-B5B1-0A9F0162C915}.Debug|x64.ActiveCfg = Debug|Any CPU
		{C25A4462-DAE0-4C54-B5B1-0A9F0162C915}.Debug|x64.Build.0 = Debug|Any CPU
		{C25A4462-DAE0-4C54-B5B1-0A9F0162C915}.Release|Any CPU.ActiveCfg = Release|Any CPU
		{C25A4462-DAE0-4C54-B5B1-0A9F0162C915}.Release|Any CPU.Build.0 = Release|Any CPU
		{C25A4462-DAE0-4C54-B5B1-0A9F0162C915}.Release|x64.ActiveCfg = Release|Any CPU
		{C25A4462-DAE0-4C54-B5B1-0A9F0162C915}.Release|x64.Build.0 = Release|Any CPU
		{3466717D-18D4-4A7D-B597-325A5822EF39}.Debug|Any CPU.ActiveCfg = Debug|Any CPU
		{3466717D-18D4-4A7D-B597-325A5822EF39}.Debug|Any CPU.Build.0 = Debug|Any CPU
		{3466717D-18D4-4A7D-B597-325A5822EF39}.Debug|x64.ActiveCfg = Debug|Any CPU
		{3466717D-18D4-4A7D-B597-325A5822EF39}.Debug|x64.Build.0 = Debug|Any CPU
		{3466717D-18D4-4A7D-B597-325A5822EF39}.Release|Any CPU.ActiveCfg = Release|Any CPU
		{3466717D-18D4-4A7D-B597-325A5822EF39}.Release|Any CPU.Build.0 = Release|Any CPU
		{3466717D-18D4-4A7D-B597-325A5822EF39}.Release|x64.ActiveCfg = Release|Any CPU
		{3466717D-18D4-4A7D-B597-325A5822EF39}.Release|x64.Build.0 = Release|Any CPU
		{FEDC764D-D2A9-4AC2-8826-D672A4120065}.Debug|Any CPU.ActiveCfg = Debug|Any CPU
		{FEDC764D-D2A9-4AC2-8826-D672A4120065}.Debug|Any CPU.Build.0 = Debug|Any CPU
		{FEDC764D-D2A9-4AC2-8826-D672A4120065}.Debug|x64.ActiveCfg = Debug|Any CPU
		{FEDC764D-D2A9-4AC2-8826-D672A4120065}.Debug|x64.Build.0 = Debug|Any CPU
		{FEDC764D-D2A9-4AC2-8826-D672A4120065}.Release|Any CPU.ActiveCfg = Release|Any CPU
		{FEDC764D-D2A9-4AC2-8826-D672A4120065}.Release|Any CPU.Build.0 = Release|Any CPU
		{FEDC764D-D2A9-4AC2-8826-D672A4120065}.Release|x64.ActiveCfg = Release|Any CPU
		{FEDC764D-D2A9-4AC2-8826-D672A4120065}.Release|x64.Build.0 = Release|Any CPU
		{DFBC0C64-0332-4079-B006-D042D13AB022}.Debug|Any CPU.ActiveCfg = Debug|Any CPU
		{DFBC0C64-0332-4079-B006-D042D13AB022}.Debug|Any CPU.Build.0 = Debug|Any CPU
		{DFBC0C64-0332-4079-B006-D042D13AB022}.Debug|x64.ActiveCfg = Debug|Any CPU
		{DFBC0C64-0332-4079-B006-D042D13AB022}.Debug|x64.Build.0 = Debug|Any CPU
		{DFBC0C64-0332-4079-B006-D042D13AB022}.Release|Any CPU.ActiveCfg = Release|Any CPU
		{DFBC0C64-0332-4079-B006-D042D13AB022}.Release|Any CPU.Build.0 = Release|Any CPU
		{DFBC0C64-0332-4079-B006-D042D13AB022}.Release|x64.ActiveCfg = Release|Any CPU
		{DFBC0C64-0332-4079-B006-D042D13AB022}.Release|x64.Build.0 = Release|Any CPU
		{330D5712-0A97-42E9-855A-B00082A9C559}.Debug|Any CPU.ActiveCfg = Debug|Any CPU
		{330D5712-0A97-42E9-855A-B00082A9C559}.Debug|Any CPU.Build.0 = Debug|Any CPU
		{330D5712-0A97-42E9-855A-B00082A9C559}.Debug|x64.ActiveCfg = Debug|Any CPU
		{330D5712-0A97-42E9-855A-B00082A9C559}.Debug|x64.Build.0 = Debug|Any CPU
		{330D5712-0A97-42E9-855A-B00082A9C559}.Release|Any CPU.ActiveCfg = Release|Any CPU
		{330D5712-0A97-42E9-855A-B00082A9C559}.Release|Any CPU.Build.0 = Release|Any CPU
		{330D5712-0A97-42E9-855A-B00082A9C559}.Release|x64.ActiveCfg = Release|Any CPU
		{330D5712-0A97-42E9-855A-B00082A9C559}.Release|x64.Build.0 = Release|Any CPU
		{BA6A8D83-B337-4FD8-828D-C64A6A093694}.Debug|Any CPU.ActiveCfg = Debug|Any CPU
		{BA6A8D83-B337-4FD8-828D-C64A6A093694}.Debug|Any CPU.Build.0 = Debug|Any CPU
		{BA6A8D83-B337-4FD8-828D-C64A6A093694}.Debug|x64.ActiveCfg = Debug|Any CPU
		{BA6A8D83-B337-4FD8-828D-C64A6A093694}.Debug|x64.Build.0 = Debug|Any CPU
		{BA6A8D83-B337-4FD8-828D-C64A6A093694}.Release|Any CPU.ActiveCfg = Release|Any CPU
		{BA6A8D83-B337-4FD8-828D-C64A6A093694}.Release|Any CPU.Build.0 = Release|Any CPU
		{BA6A8D83-B337-4FD8-828D-C64A6A093694}.Release|x64.ActiveCfg = Release|Any CPU
		{BA6A8D83-B337-4FD8-828D-C64A6A093694}.Release|x64.Build.0 = Release|Any CPU
		{8A377E35-8952-4168-800D-113850480C85}.Debug|Any CPU.ActiveCfg = Debug|Any CPU
		{8A377E35-8952-4168-800D-113850480C85}.Debug|Any CPU.Build.0 = Debug|Any CPU
		{8A377E35-8952-4168-800D-113850480C85}.Debug|x64.ActiveCfg = Debug|Any CPU
		{8A377E35-8952-4168-800D-113850480C85}.Debug|x64.Build.0 = Debug|Any CPU
		{8A377E35-8952-4168-800D-113850480C85}.Release|Any CPU.ActiveCfg = Release|Any CPU
		{8A377E35-8952-4168-800D-113850480C85}.Release|Any CPU.Build.0 = Release|Any CPU
		{8A377E35-8952-4168-800D-113850480C85}.Release|x64.ActiveCfg = Release|Any CPU
		{8A377E35-8952-4168-800D-113850480C85}.Release|x64.Build.0 = Release|Any CPU
		{EBFDFBE2-21BC-4B38-905D-B416ABA5B3A9}.Debug|Any CPU.ActiveCfg = Debug|Any CPU
		{EBFDFBE2-21BC-4B38-905D-B416ABA5B3A9}.Debug|Any CPU.Build.0 = Debug|Any CPU
		{EBFDFBE2-21BC-4B38-905D-B416ABA5B3A9}.Debug|x64.ActiveCfg = Debug|Any CPU
		{EBFDFBE2-21BC-4B38-905D-B416ABA5B3A9}.Debug|x64.Build.0 = Debug|Any CPU
		{EBFDFBE2-21BC-4B38-905D-B416ABA5B3A9}.Release|Any CPU.ActiveCfg = Release|Any CPU
		{EBFDFBE2-21BC-4B38-905D-B416ABA5B3A9}.Release|Any CPU.Build.0 = Release|Any CPU
		{EBFDFBE2-21BC-4B38-905D-B416ABA5B3A9}.Release|x64.ActiveCfg = Release|Any CPU
		{EBFDFBE2-21BC-4B38-905D-B416ABA5B3A9}.Release|x64.Build.0 = Release|Any CPU
		{56CF3771-2AEE-4901-AFD5-389886ED9D33}.Debug|Any CPU.ActiveCfg = Debug|Any CPU
		{56CF3771-2AEE-4901-AFD5-389886ED9D33}.Debug|Any CPU.Build.0 = Debug|Any CPU
		{56CF3771-2AEE-4901-AFD5-389886ED9D33}.Debug|x64.ActiveCfg = Debug|Any CPU
		{56CF3771-2AEE-4901-AFD5-389886ED9D33}.Debug|x64.Build.0 = Debug|Any CPU
		{56CF3771-2AEE-4901-AFD5-389886ED9D33}.Release|Any CPU.ActiveCfg = Release|Any CPU
		{56CF3771-2AEE-4901-AFD5-389886ED9D33}.Release|Any CPU.Build.0 = Release|Any CPU
		{56CF3771-2AEE-4901-AFD5-389886ED9D33}.Release|x64.ActiveCfg = Release|Any CPU
		{56CF3771-2AEE-4901-AFD5-389886ED9D33}.Release|x64.Build.0 = Release|Any CPU
	EndGlobalSection
	GlobalSection(SolutionProperties) = preSolution
		HideSolutionNode = FALSE
	EndGlobalSection
	GlobalSection(NestedProjects) = preSolution
		{07DF7055-88C2-4E60-AAC2-140E88CCE850} = {37E6337A-554A-4486-8902-1C5AACBA09E4}
		{18E6C559-2F75-4CF0-B4AD-D1A5F6D00067} = {F0D7F811-DC3B-4AC7-A15F-6740FBFAFAC6}
		{1E21B94B-8291-4EDB-86D3-6128F8222309} = {EFF0E741-7D9A-4039-B422-907561E0D927}
		{AC70767D-546B-4B07-AF6D-E598EDA0E64F} = {EFF0E741-7D9A-4039-B422-907561E0D927}
		{03F6856C-5B43-4B61-83EE-06A5A9CD826E} = {EFF0E741-7D9A-4039-B422-907561E0D927}
		{A2A24A48-277E-4FC1-8D49-61871EA83E55} = {EFF0E741-7D9A-4039-B422-907561E0D927}
		{E2536289-1526-42DE-A98A-6ACB9CCA8D61} = {EFF0E741-7D9A-4039-B422-907561E0D927}
		{EF1C39B4-D14B-4533-BB4B-96F630703C1E} = {87885072-4A4F-44ED-A772-064A84A0E907}
		{24B4EA11-5B23-467B-9D09-BC637C3ED375} = {37E6337A-554A-4486-8902-1C5AACBA09E4}
		{002BB990-6B5F-4E65-A2F4-27516618CFB0} = {C1C14D67-55E7-48DF-B0C6-515850A50AA6}
		{3466717D-18D4-4A7D-B597-325A5822EF39} = {F0D7F811-DC3B-4AC7-A15F-6740FBFAFAC6}
		{FEDC764D-D2A9-4AC2-8826-D672A4120065} = {F0D7F811-DC3B-4AC7-A15F-6740FBFAFAC6}
		{DFBC0C64-0332-4079-B006-D042D13AB022} = {F0D7F811-DC3B-4AC7-A15F-6740FBFAFAC6}
		{BA6A8D83-B337-4FD8-828D-C64A6A093694} = {B1CD2320-D898-455D-BF18-C854AA0F8BA4}
		{8A377E35-8952-4168-800D-113850480C85} = {B1CD2320-D898-455D-BF18-C854AA0F8BA4}
		{EBFDFBE2-21BC-4B38-905D-B416ABA5B3A9} = {E8529CEC-4053-4DB2-8986-79DEBB032E04}
		{87885072-4A4F-44ED-A772-064A84A0E907} = {C1C14D67-55E7-48DF-B0C6-515850A50AA6}
		{56CF3771-2AEE-4901-AFD5-389886ED9D33} = {87885072-4A4F-44ED-A772-064A84A0E907}
	EndGlobalSection
	GlobalSection(ExtensibilityGlobals) = postSolution
		SolutionGuid = {11DDDA92-0771-4A6A-9FC8-038A97BE998C}
	EndGlobalSection
EndGlobal
